{
  "name": "gdmp",
  "version": "1.0.0",
  "lockfileVersion": 1,
  "requires": true,
  "dependencies": {
    "@vant/weapp": {
      "version": "1.6.1",
      "resolved": "https://registry.npmjs.org/@vant/weapp/-/weapp-1.6.1.tgz",
      "integrity": "sha512-HkQHodqmSPB0bTILo5DnM/avkpeSBfQHo42kN4HJa504SCNIc2DoF0VrAl/CaZB+2DMrElnEnM+//vf5rENtNQ=="
    },
    "address-parse": {
      "version": "1.2.8",
      "resolved": "https://registry.npmjs.org/address-parse/-/address-parse-1.2.8.tgz",
      "integrity": "sha512-OveNRXz1ZsHO8un1fPM/A6B34JC0VmgQGxFeIIJDIZpMjbc5Y2ak5icZyA6yHzabGphIGAs+IOco0jV48ZNX4w==",
      "requires": {
        "address-parse": "^1.2.8"
      }
    }
  }
}
