{
  "name": "gdmp",
  "version": "1.0.0",
  "lockfileVersion": 1,
  "requires": true,
  "dependencies": {
    "@vant/weapp": {
      "version": "1.6.4",
      "resolved": "https://registry.npmjs.org/@vant/weapp/-/weapp-1.6.4.tgz",
      "integrity": "sha512-3vhoMHXS1Gz2FJDDcWnkunP196QYMXBAiKi4ouvZtYDpEFhuX3oaPrxK/ckLliFAfPInujnd+mdMueLaX0aQ2A=="
    },
    "address-parse": {
      "version": "1.2.8",
      "resolved": "https://registry.npmjs.org/address-parse/-/address-parse-1.2.8.tgz",
      "integrity": "sha512-OveNRXz1ZsHO8un1fPM/A6B34JC0VmgQGxFeIIJDIZpMjbc5Y2ak5icZyA6yHzabGphIGAs+IOco0jV48ZNX4w==",
      "requires": {
        "address-parse": "^1.2.8"
      }
    },
    "wxa-plugin-canvas": {
      "version": "1.1.12",
      "resolved": "https://registry.npmjs.org/wxa-plugin-canvas/-/wxa-plugin-canvas-1.1.12.tgz",
      "integrity": "sha512-iMmGFjXYminWm/yni0n/MprSUReAQpIL9LWLsJfr0Na/pt4Chzs2VbLsEtflZx11qtrDcfM7+1eCgj1ju6TN4w=="
    }
  }
}
